// !$*UTF8*$!
{
	archiveVersion = 1;
	classes = {
	};
	objectVersion = 77;
	objects = {

/* Begin PBXFileReference section */
		6647ADFF2EFC144600A1E680 /* StopPanic.app */ = {isa = PBXFileReference; explicitFileType = wrapper.application; includeInIndex = 0; path = StopPanic.app; sourceTree = BUILT_PRODUCTS_DIR; };
        AA10000000000001WATCHAPP /* StopPanicWatch Watch App.app */ = {isa = PBXFileReference; explicitFileType = wrapper.application; includeInIndex = 0; path = "StopPanicWatch Watch App.app"; sourceTree = BUILT_PRODUCTS_DIR; };
/* End PBXFileReference section */

/* Begin PBXFileSystemSynchronizedRootGroup section */
		6647AE012EFC144600A1E680 /* StopPanic */ = {
			isa = PBXFileSystemSynchronizedRootGroup;
			path = StopPanic;
			sourceTree = "<group>";
		};
        AA10000000000010WATCHGRP /* StopPanicWatch Watch App */ = {
                isa = PBXFileSystemSynchronizedRootGroup;
                path = "StopPanicWatch Watch App";
                sourceTree = "<group>";
        };
/* End PBXFileSystemSynchronizedRootGroup section */

/* Begin PBXFrameworksBuildPhase section */
		6647ADFC2EFC144600A1E680 /* Frameworks */ = {
			isa = PBXFrameworksBuildPhase;
			buildActionMask = 2147483647;
			files = (
			);
			runOnlyForDeploymentPostprocessing = 0;
		};
        AA10000000000002WATCHFWK /* Frameworks */ = {
                isa = PBXFrameworksBuildPhase;
                buildActionMask = 2147483647;
                files = (
                );
                runOnlyForDeploymentPostprocessing = 0;
        };
/* End PBXFrameworksBuildPhase section */

/* Begin PBXGroup section */
		6647ADF62EFC144600A1E680 = {
			isa = PBXGroup;
			children = (
				6647AE012EFC144600A1E680 /* StopPanic */,
				6647AE002EFC144600A1E680 /* Products */,
			);
			sourceTree = "<group>";
		};
		6647AE002EFC144600A1E680 /* Products */ = {
			isa = PBXGroup;
			children = (
				6647ADFF2EFC144600A1E680 /* StopPanic.app */,
			);
			name = Products;
			sourceTree = "<group>";
		};
/* End PBXGroup section */

/* Begin PBXNativeTarget section */
		6647ADFE2EFC144600A1E680 /* StopPanic */ = {
			isa = PBXNativeTarget;
			buildConfigurationList = 6647AE0A2EFC144800A1E680 /* Build configuration list for PBXNativeTarget "StopPanic" */;
			buildPhases = (
				6647ADFB2EFC144600A1E680 /* Sources */,
				6647ADFC2EFC144600A1E680 /* Frameworks */,
				6647ADFD2EFC144600A1E680 /* Resources */,
			);
			buildRules = (
			);
			dependencies = (
			);
			fileSystemSynchronizedGroups = (
				6647AE012EFC144600A1E680 /* StopPanic */,
			);
			name = StopPanic;
			packageProductDependencies = (
			);
			productName = StopPanic;
			productReference = 6647ADFF2EFC144600A1E680 /* StopPanic.app */;
			productType = "com.apple.product-type.application";
		};
        AA10000000000003WATCHTGT /* StopPanicWatch Watch App */ = {
                isa = PBXNativeTarget;
                buildConfigurationList = AA10000000000009WATCHCFL /* Build configuration list for PBXNativeTarget "StopPanicWatch Watch App" */;
                buildPhases = (
                        AA10000000000004WATCHSRC /* Sources */,
                        AA10000000000002WATCHFWK /* Frameworks */,
                        AA10000000000005WATCHRES /* Resources */,
                );
                buildRules = (
                );
                dependencies = (
                );
                fileSystemSynchronizedGroups = (
                        AA10000000000010WATCHGRP /* StopPanicWatch Watch App */,
                );
                name = "StopPanicWatch Watch App";
                productName = "StopPanicWatch Watch App";
                productReference = AA10000000000001WATCHAPP /* StopPanicWatch Watch App.app */;
                productType = "com.apple.product-type.application";
        };
/* End PBXNativeTarget section */

/* Begin PBXProject section */
		6647ADF72EFC144600A1E680 /* Project object */ = {
			isa = PBXProject;
			attributes = {
				BuildIndependentTargetsInParallel = 1;
				LastSwiftUpdateCheck = 2620;
				LastUpgradeCheck = 2620;
				TargetAttributes = {
					6647ADFE2EFC144600A1E680 = {
						CreatedOnToolsVersion = 26.2;
					};
				};
			};
			buildConfigurationList = 6647ADFA2EFC144600A1E680 /* Build configuration list for PBXProject "StopPanic" */;
			developmentRegion = en;
			hasScannedForEncodings = 0;
			knownRegions = (
				en,
				Base,
			);
			mainGroup = 6647ADF62EFC144600A1E680;
			minimizedProjectReferenceProxies = 1;
			preferredProjectObjectVersion = 77;
			productRefGroup = 6647AE002EFC144600A1E680 /* Products */;
			projectDirPath = "";
			projectRoot = "";
			targets = (
				6647ADFE2EFC144600A1E680 /* StopPanic */,
			);
		};
/* End PBXProject section */

/* Begin PBXResourcesBuildPhase section */
		6647ADFD2EFC144600A1E680 /* Resources */ = {
			isa = PBXResourcesBuildPhase;
			buildActionMask = 2147483647;
			files = (
			);
			runOnlyForDeploymentPostprocessing = 0;
		};
        AA10000000000005WATCHRES /* Resources */ = {
                isa = PBXResourcesBuildPhase;
                buildActionMask = 2147483647;
                files = (
                );
                runOnlyForDeploymentPostprocessing = 0;
        };
/* End PBXResourcesBuildPhase section */

/* Begin PBXSourcesBuildPhase section */
		6647ADFB2EFC144600A1E680 /* Sources */ = {
			isa = PBXSourcesBuildPhase;
			buildActionMask = 2147483647;
			files = (
			);
			runOnlyForDeploymentPostprocessing = 0;
		};
        AA10000000000004WATCHSRC /* Sources */ = {
                isa = PBXSourcesBuildPhase;
                buildActionMask = 2147483647;
                files = (
                );
                runOnlyForDeploymentPostprocessing = 0;
        };
/* End PBXSourcesBuildPhase section */

/* Begin XCBuildConfiguration section */
		6647AE082EFC144800A1E680 /* Debug */ = {
			isa = XCBuildConfiguration;
			buildSettings = {
				ALWAYS_SEARCH_USER_PATHS = NO;
				ASSETCATALOG_COMPILER_GENERATE_SWIFT_ASSET_SYMBOL_EXTENSIONS = YES;
				CLANG_ANALYZER_NONNULL = YES;
				CLANG_ANALYZER_NUMBER_OBJECT_CONVERSION = YES_AGGRESSIVE;
				CLANG_CXX_LANGUAGE_STANDARD = "gnu++20";
				CLANG_ENABLE_MODULES = YES;
				CLANG_ENABLE_OBJC_ARC = YES;
				CLANG_ENABLE_OBJC_WEAK = YES;
				CLANG_WARN_BLOCK_CAPTURE_AUTORELEASING = YES;
				CLANG_WARN_BOOL_CONVERSION = YES;
				CLANG_WARN_COMMA = YES;
				CLANG_WARN_CONSTANT_CONVERSION = YES;
				CLANG_WARN_DEPRECATED_OBJC_IMPLEMENTATIONS = YES;
				CLANG_WARN_DIRECT_OBJC_ISA_USAGE = YES_ERROR;
				CLANG_WARN_DOCUMENTATION_COMMENTS = YES;
				CLANG_WARN_EMPTY_BODY = YES;
				CLANG_WARN_ENUM_CONVERSION = YES;
				CLANG_WARN_INFINITE_RECURSION = YES;
				CLANG_WARN_INT_CONVERSION = YES;
				CLANG_WARN_NON_LITERAL_NULL_CONVERSION = YES;
				CLANG_WARN_OBJC_IMPLICIT_RETAIN_SELF = YES;
				CLANG_WARN_OBJC_LITERAL_CONVERSION = YES;
				CLANG_WARN_OBJC_ROOT_CLASS = YES_ERROR;
				CLANG_WARN_QUOTED_INCLUDE_IN_FRAMEWORK_HEADER = YES;
				CLANG_WARN_RANGE_LOOP_ANALYSIS = YES;
				CLANG_WARN_STRICT_PROTOTYPES = YES;
				CLANG_WARN_SUSPICIOUS_MOVE = YES;
				CLANG_WARN_UNGUARDED_AVAILABILITY = YES_AGGRESSIVE;
				CLANG_WARN_UNREACHABLE_CODE = YES;
				CLANG_WARN__DUPLICATE_METHOD_MATCH = YES;
				COPY_PHASE_STRIP = NO;
				DEBUG_INFORMATION_FORMAT = dwarf;
				DEVELOPMENT_TEAM = 6K26HD4XFR;
				ENABLE_STRICT_OBJC_MSGSEND = YES;
				ENABLE_TESTABILITY = YES;
				ENABLE_USER_SCRIPT_SANDBOXING = YES;
				GCC_C_LANGUAGE_STANDARD = gnu17;
				GCC_DYNAMIC_NO_PIC = NO;
				GCC_NO_COMMON_BLOCKS = YES;
				GCC_OPTIMIZATION_LEVEL = 0;
				GCC_PREPROCESSOR_DEFINITIONS = (
					"DEBUG=1",
					"$(inherited)",
				);
				GCC_WARN_64_TO_32_BIT_CONVERSION = YES;
				GCC_WARN_ABOUT_RETURN_TYPE = YES_ERROR;
				GCC_WARN_UNDECLARED_SELECTOR = YES;
				GCC_WARN_UNINITIALIZED_AUTOS = YES_AGGRESSIVE;
				GCC_WARN_UNUSED_FUNCTION = YES;
				GCC_WARN_UNUSED_VARIABLE = YES;
				IPHONEOS_DEPLOYMENT_TARGET = 17.0;
				LOCALIZATION_PREFERS_STRING_CATALOGS = YES;
				MTL_ENABLE_DEBUG_INFO = INCLUDE_SOURCE;
				MTL_FAST_MATH = YES;
				ONLY_ACTIVE_ARCH = YES;
				SDKROOT = iphoneos;
				SWIFT_ACTIVE_COMPILATION_CONDITIONS = "DEBUG $(inherited)";
				SWIFT_OPTIMIZATION_LEVEL = "-Onone";
			};
			name = Debug;
		};
		6647AE092EFC144800A1E680 /* Release */ = {
			isa = XCBuildConfiguration;
			buildSettings = {
				ALWAYS_SEARCH_USER_PATHS = NO;
				ASSETCATALOG_COMPILER_GENERATE_SWIFT_ASSET_SYMBOL_EXTENSIONS = YES;
				CLANG_ANALYZER_NONNULL = YES;
				CLANG_ANALYZER_NUMBER_OBJECT_CONVERSION = YES_AGGRESSIVE;
				CLANG_CXX_LANGUAGE_STANDARD = "gnu++20";
				CLANG_ENABLE_MODULES = YES;
				CLANG_ENABLE_OBJC_ARC = YES;
				CLANG_ENABLE_OBJC_WEAK = YES;
				CLANG_WARN_BLOCK_CAPTURE_AUTORELEASING = YES;
				CLANG_WARN_BOOL_CONVERSION = YES;
				CLANG_WARN_COMMA = YES;
				CLANG_WARN_CONSTANT_CONVERSION = YES;
				CLANG_WARN_DEPRECATED_OBJC_IMPLEMENTATIONS = YES;
				CLANG_WARN_DIRECT_OBJC_ISA_USAGE = YES_ERROR;
				CLANG_WARN_DOCUMENTATION_COMMENTS = YES;
				CLANG_WARN_EMPTY_BODY = YES;
				CLANG_WARN_ENUM_CONVERSION = YES;
				CLANG_WARN_INFINITE_RECURSION = YES;
				CLANG_WARN_INT_CONVERSION = YES;
				CLANG_WARN_NON_LITERAL_NULL_CONVERSION = YES;
				CLANG_WARN_OBJC_IMPLICIT_RETAIN_SELF = YES;
				CLANG_WARN_OBJC_LITERAL_CONVERSION = YES;
				CLANG_WARN_OBJC_ROOT_CLASS = YES_ERROR;
				CLANG_WARN_QUOTED_INCLUDE_IN_FRAMEWORK_HEADER = YES;
				CLANG_WARN_RANGE_LOOP_ANALYSIS = YES;
				CLANG_WARN_STRICT_PROTOTYPES = YES;
				CLANG_WARN_SUSPICIOUS_MOVE = YES;
				CLANG_WARN_UNGUARDED_AVAILABILITY = YES_AGGRESSIVE;
				CLANG_WARN_UNREACHABLE_CODE = YES;
				CLANG_WARN__DUPLICATE_METHOD_MATCH = YES;
				COPY_PHASE_STRIP = NO;
				DEBUG_INFORMATION_FORMAT = "dwarf-with-dsym";
				DEVELOPMENT_TEAM = 6K26HD4XFR;
				ENABLE_NS_ASSERTIONS = NO;
				ENABLE_STRICT_OBJC_MSGSEND = YES;
				ENABLE_USER_SCRIPT_SANDBOXING = YES;
				GCC_C_LANGUAGE_STANDARD = gnu17;
				GCC_NO_COMMON_BLOCKS = YES;
				GCC_WARN_64_TO_32_BIT_CONVERSION = YES;
				GCC_WARN_ABOUT_RETURN_TYPE = YES_ERROR;
				GCC_WARN_UNDECLARED_SELECTOR = YES;
				GCC_WARN_UNINITIALIZED_AUTOS = YES_AGGRESSIVE;
				GCC_WARN_UNUSED_FUNCTION = YES;
				GCC_WARN_UNUSED_VARIABLE = YES;
				IPHONEOS_DEPLOYMENT_TARGET = 17.0;
				LOCALIZATION_PREFERS_STRING_CATALOGS = YES;
				MTL_ENABLE_DEBUG_INFO = NO;
				MTL_FAST_MATH = YES;
				SDKROOT = iphoneos;
				SWIFT_COMPILATION_MODE = wholemodule;
				VALIDATE_PRODUCT = YES;
			};
			name = Release;
		};
		6647AE0B2EFC144800A1E680 /* Debug */ = {
			isa = XCBuildConfiguration;
			buildSettings = {
				ASSETCATALOG_COMPILER_APPICON_NAME = AppIcon;
				ASSETCATALOG_COMPILER_GLOBAL_ACCENT_COLOR_NAME = AccentColor;
				CODE_SIGN_ENTITLEMENTS = "StopPanic/StopPanic.entitlements";
				CODE_SIGN_STYLE = Automatic;
				CURRENT_PROJECT_VERSION = 1;
				DEVELOPMENT_TEAM = 6K26HD4XFR;
				ENABLE_PREVIEWS = YES;
				GENERATE_INFOPLIST_FILE = YES;
				INFOPLIST_KEY_CFBundleDisplayName = "Stillō";
				INFOPLIST_KEY_ITSAppUsesNonExemptEncryption = NO;
				INFOPLIST_KEY_LSApplicationCategoryType = "public.app-category.healthcare-fitness";
				INFOPLIST_KEY_UIApplicationSceneManifest_Generation = YES;
				INFOPLIST_KEY_UIApplicationSupportsIndirectInputEvents = YES;
				INFOPLIST_KEY_NSHealthShareUsageDescription = "Stillō читает пульс с Apple Watch для анализа тревожных состояний.";
				INFOPLIST_KEY_NSHealthUpdateUsageDescription = "Stillō записывает данные об эпизодах тревоги для отслеживания прогресса.";
				INFOPLIST_KEY_UILaunchScreen_Generation = YES;
				INFOPLIST_KEY_UISupportedInterfaceOrientations_iPad = "UIInterfaceOrientationPortrait UIInterfaceOrientationPortraitUpsideDown UIInterfaceOrientationLandscapeLeft UIInterfaceOrientationLandscapeRight";
				INFOPLIST_KEY_UISupportedInterfaceOrientations_iPhone = "UIInterfaceOrientationPortrait UIInterfaceOrientationLandscapeLeft UIInterfaceOrientationLandscapeRight";
				LD_RUNPATH_SEARCH_PATHS = (
					"$(inherited)",
					"@executable_path/Frameworks",
				);
				MARKETING_VERSION = 1.0;
				PRODUCT_BUNDLE_IDENTIFIER = "MSK-PRODUKT.StopPanic";
				PRODUCT_NAME = "$(TARGET_NAME)";
				STRING_CATALOG_GENERATE_SYMBOLS = YES;
				SWIFT_APPROACHABLE_CONCURRENCY = YES;
				SWIFT_DEFAULT_ACTOR_ISOLATION = MainActor;
				SWIFT_EMIT_LOC_STRINGS = YES;
				SWIFT_UPCOMING_FEATURE_MEMBER_IMPORT_VISIBILITY = YES;
				SWIFT_VERSION = 5.0;
				TARGETED_DEVICE_FAMILY = "1,2";
			};
			name = Debug;
		};
		6647AE0C2EFC144800A1E680 /* Release */ = {
			isa = XCBuildConfiguration;
			buildSettings = {
				ASSETCATALOG_COMPILER_APPICON_NAME = AppIcon;
				ASSETCATALOG_COMPILER_GLOBAL_ACCENT_COLOR_NAME = AccentColor;
				CODE_SIGN_ENTITLEMENTS = "StopPanic/StopPanic.entitlements";
				CODE_SIGN_STYLE = Automatic;
				CURRENT_PROJECT_VERSION = 1;
				DEVELOPMENT_TEAM = 6K26HD4XFR;
				ENABLE_PREVIEWS = YES;
				GENERATE_INFOPLIST_FILE = YES;
				INFOPLIST_KEY_CFBundleDisplayName = "Stillō";
				INFOPLIST_KEY_ITSAppUsesNonExemptEncryption = NO;
				INFOPLIST_KEY_LSApplicationCategoryType = "public.app-category.healthcare-fitness";
				INFOPLIST_KEY_UIApplicationSceneManifest_Generation = YES;
				INFOPLIST_KEY_UIApplicationSupportsIndirectInputEvents = YES;
				INFOPLIST_KEY_NSHealthShareUsageDescription = "Stillō читает пульс с Apple Watch для анализа тревожных состояний.";
				INFOPLIST_KEY_NSHealthUpdateUsageDescription = "Stillō записывает данные об эпизодах тревоги для отслеживания прогресса.";
				INFOPLIST_KEY_UILaunchScreen_Generation = YES;
				INFOPLIST_KEY_UISupportedInterfaceOrientations_iPad = "UIInterfaceOrientationPortrait UIInterfaceOrientationPortraitUpsideDown UIInterfaceOrientationLandscapeLeft UIInterfaceOrientationLandscapeRight";
				INFOPLIST_KEY_UISupportedInterfaceOrientations_iPhone = "UIInterfaceOrientationPortrait UIInterfaceOrientationLandscapeLeft UIInterfaceOrientationLandscapeRight";
				LD_RUNPATH_SEARCH_PATHS = (
					"$(inherited)",
					"@executable_path/Frameworks",
				);
				MARKETING_VERSION = 1.0;
				PRODUCT_BUNDLE_IDENTIFIER = "MSK-PRODUKT.StopPanic";
				PRODUCT_NAME = "$(TARGET_NAME)";
				STRING_CATALOG_GENERATE_SYMBOLS = YES;
				SWIFT_APPROACHABLE_CONCURRENCY = YES;
				SWIFT_DEFAULT_ACTOR_ISOLATION = MainActor;
				SWIFT_EMIT_LOC_STRINGS = YES;
				SWIFT_UPCOMING_FEATURE_MEMBER_IMPORT_VISIBILITY = YES;
				SWIFT_VERSION = 5.0;
				TARGETED_DEVICE_FAMILY = "1,2";
			};
			name = Release;
		};
        AA10000000000006WATCHDBG /* Debug */ = {
                isa = XCBuildConfiguration;
                buildSettings = {
                        ASSETCATALOG_COMPILER_APPICON_NAME = AppIcon;
                        ASSETCATALOG_COMPILER_GLOBAL_ACCENT_COLOR_NAME = AccentColor;
                        CODE_SIGN_ENTITLEMENTS = "StopPanicWatch Watch App/StopPanicWatch.entitlements";
                        CODE_SIGN_STYLE = Automatic;
                        CURRENT_PROJECT_VERSION = 1;
                        DEVELOPMENT_ASSET_PATHS = "";
                        DEVELOPMENT_TEAM = 6K26HD4XFR;
                        ENABLE_PREVIEWS = YES;
                        GENERATE_INFOPLIST_FILE = YES;
                        INFOPLIST_KEY_CFBundleDisplayName = "Stillō";
				INFOPLIST_KEY_ITSAppUsesNonExemptEncryption = NO;
				INFOPLIST_KEY_LSApplicationCategoryType = "public.app-category.healthcare-fitness";
                        INFOPLIST_KEY_NSHealthShareUsageDescription = "Reading heart rate for panic attack analysis on your wrist.";
                        INFOPLIST_KEY_NSHealthUpdateUsageDescription = "Recording panic attack data.";
                        INFOPLIST_KEY_UISupportedInterfaceOrientations = "UIInterfaceOrientationPortrait UIInterfaceOrientationPortraitUpsideDown";
                        INFOPLIST_KEY_WKCompanionAppBundleIdentifier = "MSK-PRODUKT.StopPanic";
                        LD_RUNPATH_SEARCH_PATHS = (
                                "$(inherited)",
                                "@executable_path/Frameworks",
                        );
                        MARKETING_VERSION = 1.0;
                        PRODUCT_BUNDLE_IDENTIFIER = "MSK-PRODUKT.StopPanic.watchkitapp";
                        PRODUCT_NAME = "$(TARGET_NAME)";
                        SDKROOT = watchos;
                        SKIP_INSTALL = YES;
                        SWIFT_APPROACHABLE_CONCURRENCY = YES;
                        SWIFT_DEFAULT_ACTOR_ISOLATION = MainActor;
                        SWIFT_EMIT_LOC_STRINGS = YES;
                        SWIFT_VERSION = 5.0;
                        TARGETED_DEVICE_FAMILY = 4;
                        WATCHOS_DEPLOYMENT_TARGET = 26.0;
                };
                name = Debug;
        };
        AA10000000000007WATCHREL /* Release */ = {
                isa = XCBuildConfiguration;
                buildSettings = {
                        ASSETCATALOG_COMPILER_APPICON_NAME = AppIcon;
                        ASSETCATALOG_COMPILER_GLOBAL_ACCENT_COLOR_NAME = AccentColor;
                        CODE_SIGN_ENTITLEMENTS = "StopPanicWatch Watch App/StopPanicWatch.entitlements";
                        CODE_SIGN_STYLE = Automatic;
                        CURRENT_PROJECT_VERSION = 1;
                        DEVELOPMENT_ASSET_PATHS = "";
                        DEVELOPMENT_TEAM = 6K26HD4XFR;
                        ENABLE_PREVIEWS = YES;
                        GENERATE_INFOPLIST_FILE = YES;
                        INFOPLIST_KEY_CFBundleDisplayName = "Stillō";
				INFOPLIST_KEY_ITSAppUsesNonExemptEncryption = NO;
				INFOPLIST_KEY_LSApplicationCategoryType = "public.app-category.healthcare-fitness";
                        INFOPLIST_KEY_NSHealthShareUsageDescription = "Reading heart rate for panic attack analysis on your wrist.";
                        INFOPLIST_KEY_NSHealthUpdateUsageDescription = "Recording panic attack data.";
                        INFOPLIST_KEY_UISupportedInterfaceOrientations = "UIInterfaceOrientationPortrait UIInterfaceOrientationPortraitUpsideDown";
                        INFOPLIST_KEY_WKCompanionAppBundleIdentifier = "MSK-PRODUKT.StopPanic";
                        LD_RUNPATH_SEARCH_PATHS = (
                                "$(inherited)",
                                "@executable_path/Frameworks",
                        );
                        MARKETING_VERSION = 1.0;
                        PRODUCT_BUNDLE_IDENTIFIER = "MSK-PRODUKT.StopPanic.watchkitapp";
                        PRODUCT_NAME = "$(TARGET_NAME)";
                        SDKROOT = watchos;
                        SKIP_INSTALL = YES;
                        SWIFT_APPROACHABLE_CONCURRENCY = YES;
                        SWIFT_DEFAULT_ACTOR_ISOLATION = MainActor;
                        SWIFT_EMIT_LOC_STRINGS = YES;
                        SWIFT_VERSION = 5.0;
                        TARGETED_DEVICE_FAMILY = 4;
                        WATCHOS_DEPLOYMENT_TARGET = 26.0;
                };
                name = Release;
        };
/* End XCBuildConfiguration section */

/* Begin XCConfigurationList section */
		6647ADFA2EFC144600A1E680 /* Build configuration list for PBXProject "StopPanic" */ = {
			isa = XCConfigurationList;
			buildConfigurations = (
				6647AE082EFC144800A1E680 /* Debug */,
				6647AE092EFC144800A1E680 /* Release */,
			);
			defaultConfigurationIsVisible = 0;
			defaultConfigurationName = Release;
		};
		6647AE0A2EFC144800A1E680 /* Build configuration list for PBXNativeTarget "StopPanic" */ = {
			isa = XCConfigurationList;
			buildConfigurations = (
				6647AE0B2EFC144800A1E680 /* Debug */,
				6647AE0C2EFC144800A1E680 /* Release */,
			);
			defaultConfigurationIsVisible = 0;
			defaultConfigurationName = Release;
		};
        AA10000000000009WATCHCFL /* Build configuration list for PBXNativeTarget "StopPanicWatch Watch App" */ = {
                isa = XCConfigurationList;
                buildConfigurations = (
                        AA10000000000006WATCHDBG /* Debug */,
                        AA10000000000007WATCHREL /* Release */,
                );
                defaultConfigurationIsVisible = 0;
                defaultConfigurationName = Release;
        };
/* End XCConfigurationList section */
	};
	rootObject = 6647ADF72EFC144600A1E680 /* Project object */;
}
